{
  "version": 4,
  "terraform_version": "0.12.5",
  "serial": 1,
  "lineage": "7c4bf161-f9c4-423b-e5e8-223a32a23619",
  "outputs": {},
  "resources": [
    {
      "mode": "managed",
      "type": "aws_vpc",
      "name": "taskleaf-vpc",
      "provider": "provider.aws",
      "instances": [
        {
          "schema_version": 1,
          "attributes": {
            "arn": "arn:aws:ec2:ap-northeast-1:022286280467:vpc/vpc-008542ae1c3e28bc5",
            "assign_generated_ipv6_cidr_block": false,
            "cidr_block": "10.0.0.0/16",
            "default_network_acl_id": "acl-070c1f781f8259423",
            "default_route_table_id": "rtb-09accd14313023f6b",
            "default_security_group_id": "sg-028f64e37d3ba5934",
            "dhcp_options_id": "dopt-9d8aa9fa",
            "enable_classiclink": false,
            "enable_classiclink_dns_support": false,
            "enable_dns_hostnames": true,
            "enable_dns_support": true,
            "id": "vpc-008542ae1c3e28bc5",
            "instance_tenancy": "default",
            "ipv6_association_id": "",
            "ipv6_cidr_block": "",
            "main_route_table_id": "rtb-09accd14313023f6b",
            "owner_id": "022286280467",
            "tags": {
              "Name": "taskleaf-vpc"
            }
          },
          "private": "eyJzY2hlbWFfdmVyc2lvbiI6IjEifQ=="
        }
      ]
    }
  ]
}
